# This file is automatically @generated by Cargo.
# It is not intended for manual editing.
version = 4

[[package]]
name = "binary_tree"
version = "0.1.0"

[[package]]
name = "builder_type"
version = "0.1.0"

[[package]]
name = "collatz"
version = "0.1.0"

[[package]]
name = "counter"
version = "0.1.0"

[[package]]
name = "elevator_events"
version = "0.1.0"

[[package]]
name = "expression_evaluation"
version = "0.1.0"

[[package]]
name = "fibonacci"
version = "0.1.0"

[[package]]
name = "generic_logger"
version = "0.1.0"

[[package]]
name = "generic_min"
version = "0.1.0"

[[package]]
name = "geometry"
version = "0.1.0"

[[package]]
name = "gui_modules"
version = "0.1.0"

[[package]]
name = "health_statistics"
version = "0.1.0"

[[package]]
name = "iterator_chaining"
version = "0.1.0"

[[package]]
name = "log_filter"
version = "0.1.0"

[[package]]
name = "luhn_algorithm"
version = "0.1.0"

[[package]]
name = "nested_arrays"
version = "0.1.0"

[[package]]
name = "protobuf_parsing"
version = "0.1.0"

[[package]]
name = "result_rewrite"
version = "0.1.0"

[[package]]
name = "rot_thirteen"
version = "0.1.0"
